
Microsoft Visual Studio Solution File, Format Version 12.00
# Visual Studio 15
VisualStudioVersion = 15.0.26730.16
MinimumVisualStudioVersion = 10.0.40219.1
Project("{FAE04EC0-301F-11D3-BF4B-00C04F79EFBC}") = "IndustrialEnterpriseUpgrade", "IndustrialEnterpriseUpgrade\IndustrialEnterpriseUpgrade.csproj", "{E5FE6B7D-60F7-416B-8C09-9B0B30EA3DAD}"
EndProject
Global
	GlobalSection(SolutionConfigurationPlatforms) = preSolution
		Debug|Any CPU = Debug|Any CPU
		Release|Any CPU = Release|Any CPU
	EndGlobalSection
	GlobalSection(ProjectConfigurationPlatforms) = postSolution
		{E5FE6B7D-60F7-416B-8C09-9B0B30EA3DAD}.Debug|Any CPU.ActiveCfg = Debug|Any CPU
		{E5FE6B7D-60F7-416B-8C09-9B0B30EA3DAD}.Debug|Any CPU.Build.0 = Debug|Any CPU
		{E5FE6B7D-60F7-416B-8C09-9B0B30EA3DAD}.Release|Any CPU.ActiveCfg = Release|Any CPU
		{E5FE6B7D-60F7-416B-8C09-9B0B30EA3DAD}.Release|Any CPU.Build.0 = Release|Any CPU
	EndGlobalSection
	GlobalSection(SolutionProperties) = preSolution
		HideSolutionNode = FALSE
	EndGlobalSection
	GlobalSection(ExtensibilityGlobals) = postSolution
		SolutionGuid = {73204991-BE01-4D65-883C-D60F3EA11C51}
	EndGlobalSection
EndGlobal
